
Microsoft Visual Studio Solution File, Format Version 12.00
# Visual Studio Version 17
VisualStudioVersion = 17.3.32929.385
MinimumVisualStudioVersion = 10.0.40219.1
Project("{FAE04EC0-301F-11D3-BF4B-00C04F79EFBC}") = "ITS", "ITS\ITS.csproj", "{775EE77C-F399-4F60-A1F9-A4CDDBA03616}"
EndProject
Global
	GlobalSection(SolutionConfigurationPlatforms) = preSolution
		Debug|Any CPU = Debug|Any CPU
		Release|Any CPU = Release|Any CPU
	EndGlobalSection
	GlobalSection(ProjectConfigurationPlatforms) = postSolution
		{775EE77C-F399-4F60-A1F9-A4CDDBA03616}.Debug|Any CPU.ActiveCfg = Debug|Any CPU
		{775EE77C-F399-4F60-A1F9-A4CDDBA03616}.Debug|Any CPU.Build.0 = Debug|Any CPU
		{775EE77C-F399-4F60-A1F9-A4CDDBA03616}.Release|Any CPU.ActiveCfg = Release|Any CPU
		{775EE77C-F399-4F60-A1F9-A4CDDBA03616}.Release|Any CPU.Build.0 = Release|Any CPU
	EndGlobalSection
	GlobalSection(SolutionProperties) = preSolution
		HideSolutionNode = FALSE
	EndGlobalSection
	GlobalSection(ExtensibilityGlobals) = postSolution
		SolutionGuid = {61981D25-D6B4-44C1-AC51-93D2EDF842FB}
	EndGlobalSection
EndGlobal
